
Microsoft Visual Studio Solution File, Format Version 12.00
# Visual Studio Version 17
VisualStudioVersion = 17.2.32516.85
MinimumVisualStudioVersion = 10.0.40219.1
Project("{9A19103F-16F7-4668-BE54-9A1E7A4F7556}") = "SquadHeightmapRipper", "SquadHeightmapRipper\SquadHeightmapRipper.csproj", "{C243E38E-72A4-45ED-9502-E871202F75B2}"
EndProject
Project("{9A19103F-16F7-4668-BE54-9A1E7A4F7556}") = "CUE4Parse", "CUE4Parse\CUE4Parse\CUE4Parse.csproj", "{24F1508E-3A17-4D06-8FBC-538FA3D4CA5B}"
EndProject
Global
	GlobalSection(SolutionConfigurationPlatforms) = preSolution
		Debug|Any CPU = Debug|Any CPU
		Release|Any CPU = Release|Any CPU
	EndGlobalSection
	GlobalSection(ProjectConfigurationPlatforms) = postSolution
		{C243E38E-72A4-45ED-9502-E871202F75B2}.Debug|Any CPU.ActiveCfg = Debug|Any CPU
		{C243E38E-72A4-45ED-9502-E871202F75B2}.Debug|Any CPU.Build.0 = Debug|Any CPU
		{C243E38E-72A4-45ED-9502-E871202F75B2}.Release|Any CPU.ActiveCfg = Release|Any CPU
		{C243E38E-72A4-45ED-9502-E871202F75B2}.Release|Any CPU.Build.0 = Release|Any CPU
		{24F1508E-3A17-4D06-8FBC-538FA3D4CA5B}.Debug|Any CPU.ActiveCfg = Debug|Any CPU
		{24F1508E-3A17-4D06-8FBC-538FA3D4CA5B}.Debug|Any CPU.Build.0 = Debug|Any CPU
		{24F1508E-3A17-4D06-8FBC-538FA3D4CA5B}.Release|Any CPU.ActiveCfg = Release|Any CPU
		{24F1508E-3A17-4D06-8FBC-538FA3D4CA5B}.Release|Any CPU.Build.0 = Release|Any CPU
	EndGlobalSection
	GlobalSection(SolutionProperties) = preSolution
		HideSolutionNode = FALSE
	EndGlobalSection
	GlobalSection(ExtensibilityGlobals) = postSolution
		SolutionGuid = {A3D91479-5F69-4FB0-AEA6-F04BB989C282}
	EndGlobalSection
EndGlobal
